
Microsoft Visual Studio Solution File, Format Version 12.00
# Visual Studio 15
VisualStudioVersion = 15.0.28010.2036
MinimumVisualStudioVersion = 10.0.40219.1
Project("{FAE04EC0-301F-11D3-BF4B-00C04F79EFBC}") = "DynamicsExtensionManagerCore", "DynamicsExtensionManagerCore\DynamicsExtensionManagerCore.csproj", "{F5E92295-8339-490C-BF7D-914D636A7716}"
EndProject
Project("{FAE04EC0-301F-11D3-BF4B-00C04F79EFBC}") = "DynamicsExtensionManagerTester", "DynamicsExtensionManagerTester\DynamicsExtensionManagerTester.csproj", "{F40613D3-7A8E-4DF7-95F9-C542AE0DB8D6}"
EndProject
Project("{FAE04EC0-301F-11D3-BF4B-00C04F79EFBC}") = "DynamicsExtensionManagerDesktop", "DynamicsExtensionManagerDesktop\DynamicsExtensionManagerDesktop.csproj", "{C9069AA1-AAD6-4433-81D3-3551C9C90B58}"
EndProject
Global
	GlobalSection(SolutionConfigurationPlatforms) = preSolution
		Debug|Any CPU = Debug|Any CPU
		Release|Any CPU = Release|Any CPU
	EndGlobalSection
	GlobalSection(ProjectConfigurationPlatforms) = postSolution
		{F5E92295-8339-490C-BF7D-914D636A7716}.Debug|Any CPU.ActiveCfg = Debug|Any CPU
		{F5E92295-8339-490C-BF7D-914D636A7716}.Debug|Any CPU.Build.0 = Debug|Any CPU
		{F5E92295-8339-490C-BF7D-914D636A7716}.Release|Any CPU.ActiveCfg = Release|Any CPU
		{F5E92295-8339-490C-BF7D-914D636A7716}.Release|Any CPU.Build.0 = Release|Any CPU
		{F40613D3-7A8E-4DF7-95F9-C542AE0DB8D6}.Debug|Any CPU.ActiveCfg = Debug|Any CPU
		{F40613D3-7A8E-4DF7-95F9-C542AE0DB8D6}.Debug|Any CPU.Build.0 = Debug|Any CPU
		{F40613D3-7A8E-4DF7-95F9-C542AE0DB8D6}.Release|Any CPU.ActiveCfg = Release|Any CPU
		{F40613D3-7A8E-4DF7-95F9-C542AE0DB8D6}.Release|Any CPU.Build.0 = Release|Any CPU
		{C9069AA1-AAD6-4433-81D3-3551C9C90B58}.Debug|Any CPU.ActiveCfg = Debug|Any CPU
		{C9069AA1-AAD6-4433-81D3-3551C9C90B58}.Debug|Any CPU.Build.0 = Debug|Any CPU
		{C9069AA1-AAD6-4433-81D3-3551C9C90B58}.Release|Any CPU.ActiveCfg = Release|Any CPU
		{C9069AA1-AAD6-4433-81D3-3551C9C90B58}.Release|Any CPU.Build.0 = Release|Any CPU
	EndGlobalSection
	GlobalSection(SolutionProperties) = preSolution
		HideSolutionNode = FALSE
	EndGlobalSection
	GlobalSection(ExtensibilityGlobals) = postSolution
		SolutionGuid = {2CF886A4-80AB-4643-8A44-60456671B491}
	EndGlobalSection
EndGlobal
